
Microsoft Visual Studio Solution File, Format Version 12.00
# Visual Studio Version 17
VisualStudioVersion = 17.7.34202.233
MinimumVisualStudioVersion = 10.0.40219.1
Project("{9A19103F-16F7-4668-BE54-9A1E7A4F7556}") = "BlazorBootcamp.Server", "BlazorBootcamp.Server\BlazorBootcamp.Server.csproj", "{4D7863DA-B2E2-4565-AB0D-A32C1AF66CDC}"
EndProject
Project("{9A19103F-16F7-4668-BE54-9A1E7A4F7556}") = "BlazorBootcamp.Client", "BlazorBootcamp.Client\BlazorBootcamp.Client.csproj", "{FFBFD1CD-0B0E-4659-A1EA-1D06CB8437C8}"
EndProject
Project("{9A19103F-16F7-4668-BE54-9A1E7A4F7556}") = "BlazorBootcamp.Models", "BlazorBootcamp.Models\BlazorBootcamp.Models.csproj", "{8A96EFC1-9203-4582-B015-11C90050C172}"
EndProject
Project("{9A19103F-16F7-4668-BE54-9A1E7A4F7556}") = "BlazorBootcamp.Business", "BlazorBootcamp.Business\BlazorBootcamp.Business.csproj", "{0E2615A0-51F5-44E2-B4FA-E865CFFA6EAD}"
EndProject
Project("{9A19103F-16F7-4668-BE54-9A1E7A4F7556}") = "BlazorBootcamp.DataAccess", "BlazorBootcamp.DataAccess\BlazorBootcamp.DataAccess.csproj", "{239D9676-966E-45A9-B560-692D61FD8607}"
EndProject
Project("{9A19103F-16F7-4668-BE54-9A1E7A4F7556}") = "BlazorBootcamp.Common", "BlazorBootcamp.Common\BlazorBootcamp.Common.csproj", "{3068F7CC-CB42-4709-B713-38E78F8FCE46}"
EndProject
Project("{9A19103F-16F7-4668-BE54-9A1E7A4F7556}") = "BlazorBootcamp.API", "BlazorBootcamp.API\BlazorBootcamp.API.csproj", "{6247027B-90F3-48AF-9DDE-FB5B0EA44593}"
EndProject
Global
	GlobalSection(SolutionConfigurationPlatforms) = preSolution
		Debug|Any CPU = Debug|Any CPU
		Release|Any CPU = Release|Any CPU
	EndGlobalSection
	GlobalSection(ProjectConfigurationPlatforms) = postSolution
		{4D7863DA-B2E2-4565-AB0D-A32C1AF66CDC}.Debug|Any CPU.ActiveCfg = Debug|Any CPU
		{4D7863DA-B2E2-4565-AB0D-A32C1AF66CDC}.Debug|Any CPU.Build.0 = Debug|Any CPU
		{4D7863DA-B2E2-4565-AB0D-A32C1AF66CDC}.Release|Any CPU.ActiveCfg = Release|Any CPU
		{4D7863DA-B2E2-4565-AB0D-A32C1AF66CDC}.Release|Any CPU.Build.0 = Release|Any CPU
		{FFBFD1CD-0B0E-4659-A1EA-1D06CB8437C8}.Debug|Any CPU.ActiveCfg = Debug|Any CPU
		{FFBFD1CD-0B0E-4659-A1EA-1D06CB8437C8}.Debug|Any CPU.Build.0 = Debug|Any CPU
		{FFBFD1CD-0B0E-4659-A1EA-1D06CB8437C8}.Release|Any CPU.ActiveCfg = Release|Any CPU
		{FFBFD1CD-0B0E-4659-A1EA-1D06CB8437C8}.Release|Any CPU.Build.0 = Release|Any CPU
		{8A96EFC1-9203-4582-B015-11C90050C172}.Debug|Any CPU.ActiveCfg = Debug|Any CPU
		{8A96EFC1-9203-4582-B015-11C90050C172}.Debug|Any CPU.Build.0 = Debug|Any CPU
		{8A96EFC1-9203-4582-B015-11C90050C172}.Release|Any CPU.ActiveCfg = Release|Any CPU
		{8A96EFC1-9203-4582-B015-11C90050C172}.Release|Any CPU.Build.0 = Release|Any CPU
		{0E2615A0-51F5-44E2-B4FA-E865CFFA6EAD}.Debug|Any CPU.ActiveCfg = Debug|Any CPU
		{0E2615A0-51F5-44E2-B4FA-E865CFFA6EAD}.Debug|Any CPU.Build.0 = Debug|Any CPU
		{0E2615A0-51F5-44E2-B4FA-E865CFFA6EAD}.Release|Any CPU.ActiveCfg = Release|Any CPU
		{0E2615A0-51F5-44E2-B4FA-E865CFFA6EAD}.Release|Any CPU.Build.0 = Release|Any CPU
		{239D9676-966E-45A9-B560-692D61FD8607}.Debug|Any CPU.ActiveCfg = Debug|Any CPU
		{239D9676-966E-45A9-B560-692D61FD8607}.Debug|Any CPU.Build.0 = Debug|Any CPU
		{239D9676-966E-45A9-B560-692D61FD8607}.Release|Any CPU.ActiveCfg = Release|Any CPU
		{239D9676-966E-45A9-B560-692D61FD8607}.Release|Any CPU.Build.0 = Release|Any CPU
		{3068F7CC-CB42-4709-B713-38E78F8FCE46}.Debug|Any CPU.ActiveCfg = Debug|Any CPU
		{3068F7CC-CB42-4709-B713-38E78F8FCE46}.Debug|Any CPU.Build.0 = Debug|Any CPU
		{3068F7CC-CB42-4709-B713-38E78F8FCE46}.Release|Any CPU.ActiveCfg = Release|Any CPU
		{3068F7CC-CB42-4709-B713-38E78F8FCE46}.Release|Any CPU.Build.0 = Release|Any CPU
		{6247027B-90F3-48AF-9DDE-FB5B0EA44593}.Debug|Any CPU.ActiveCfg = Debug|Any CPU
		{6247027B-90F3-48AF-9DDE-FB5B0EA44593}.Debug|Any CPU.Build.0 = Debug|Any CPU
		{6247027B-90F3-48AF-9DDE-FB5B0EA44593}.Release|Any CPU.ActiveCfg = Release|Any CPU
		{6247027B-90F3-48AF-9DDE-FB5B0EA44593}.Release|Any CPU.Build.0 = Release|Any CPU
	EndGlobalSection
	GlobalSection(SolutionProperties) = preSolution
		HideSolutionNode = FALSE
	EndGlobalSection
	GlobalSection(ExtensibilityGlobals) = postSolution
		SolutionGuid = {41F2CE37-78DD-483D-B829-562DE0DA1897}
	EndGlobalSection
EndGlobal
